
Microsoft Visual Studio Solution File, Format Version 12.00
# Visual Studio Version 17
VisualStudioVersion = 17.4.33205.214
MinimumVisualStudioVersion = 10.0.40219.1
Project("{9A19103F-16F7-4668-BE54-9A1E7A4F7556}") = "WebAPIExample", "WebAPIExample\WebAPIExample.csproj", "{F012126A-C746-4BA8-9774-E67F181F185A}"
EndProject
Project("{9A19103F-16F7-4668-BE54-9A1E7A4F7556}") = "WebAPIExample.Data", "WebAPIExample.Data\WebAPIExample.Data.csproj", "{03A1C9CB-8ADC-4BCC-89F7-3B97156DF2AE}"
EndProject
Project("{9A19103F-16F7-4668-BE54-9A1E7A4F7556}") = "WebsiteExample", "WebsiteExample\WebsiteExample.csproj", "{D2C3259D-036A-44DC-B078-2DB6578D0FA8}"
EndProject
Project("{9A19103F-16F7-4668-BE54-9A1E7A4F7556}") = "WebAPIEXample.Configuration", "WebAPIEXample.Configuration\WebAPIEXample.Configuration.csproj", "{8FD99867-4EB1-455A-BD45-19DC99703070}"
EndProject
Project("{9A19103F-16F7-4668-BE54-9A1E7A4F7556}") = "WebAPIExample.Business", "WebAPIExample.Business\WebAPIExample.Business.csproj", "{02478FA7-87D6-4DFB-BA9E-FDF124EA8B3F}"
EndProject
Global
	GlobalSection(SolutionConfigurationPlatforms) = preSolution
		Debug|Any CPU = Debug|Any CPU
		Release|Any CPU = Release|Any CPU
	EndGlobalSection
	GlobalSection(ProjectConfigurationPlatforms) = postSolution
		{F012126A-C746-4BA8-9774-E67F181F185A}.Debug|Any CPU.ActiveCfg = Debug|Any CPU
		{F012126A-C746-4BA8-9774-E67F181F185A}.Debug|Any CPU.Build.0 = Debug|Any CPU
		{F012126A-C746-4BA8-9774-E67F181F185A}.Release|Any CPU.ActiveCfg = Release|Any CPU
		{F012126A-C746-4BA8-9774-E67F181F185A}.Release|Any CPU.Build.0 = Release|Any CPU
		{03A1C9CB-8ADC-4BCC-89F7-3B97156DF2AE}.Debug|Any CPU.ActiveCfg = Debug|Any CPU
		{03A1C9CB-8ADC-4BCC-89F7-3B97156DF2AE}.Debug|Any CPU.Build.0 = Debug|Any CPU
		{03A1C9CB-8ADC-4BCC-89F7-3B97156DF2AE}.Release|Any CPU.ActiveCfg = Release|Any CPU
		{03A1C9CB-8ADC-4BCC-89F7-3B97156DF2AE}.Release|Any CPU.Build.0 = Release|Any CPU
		{D2C3259D-036A-44DC-B078-2DB6578D0FA8}.Debug|Any CPU.ActiveCfg = Debug|Any CPU
		{D2C3259D-036A-44DC-B078-2DB6578D0FA8}.Debug|Any CPU.Build.0 = Debug|Any CPU
		{D2C3259D-036A-44DC-B078-2DB6578D0FA8}.Release|Any CPU.ActiveCfg = Release|Any CPU
		{D2C3259D-036A-44DC-B078-2DB6578D0FA8}.Release|Any CPU.Build.0 = Release|Any CPU
		{8FD99867-4EB1-455A-BD45-19DC99703070}.Debug|Any CPU.ActiveCfg = Debug|Any CPU
		{8FD99867-4EB1-455A-BD45-19DC99703070}.Debug|Any CPU.Build.0 = Debug|Any CPU
		{8FD99867-4EB1-455A-BD45-19DC99703070}.Release|Any CPU.ActiveCfg = Release|Any CPU
		{8FD99867-4EB1-455A-BD45-19DC99703070}.Release|Any CPU.Build.0 = Release|Any CPU
		{02478FA7-87D6-4DFB-BA9E-FDF124EA8B3F}.Debug|Any CPU.ActiveCfg = Debug|Any CPU
		{02478FA7-87D6-4DFB-BA9E-FDF124EA8B3F}.Debug|Any CPU.Build.0 = Debug|Any CPU
		{02478FA7-87D6-4DFB-BA9E-FDF124EA8B3F}.Release|Any CPU.ActiveCfg = Release|Any CPU
		{02478FA7-87D6-4DFB-BA9E-FDF124EA8B3F}.Release|Any CPU.Build.0 = Release|Any CPU
	EndGlobalSection
	GlobalSection(SolutionProperties) = preSolution
		HideSolutionNode = FALSE
	EndGlobalSection
	GlobalSection(ExtensibilityGlobals) = postSolution
		SolutionGuid = {52615728-282A-4FC6-9B9B-15178F5E362B}
	EndGlobalSection
EndGlobal
